
Microsoft Visual Studio Solution File, Format Version 12.00
# Visual Studio Version 16
VisualStudioVersion = 16.0.31702.278
MinimumVisualStudioVersion = 10.0.40219.1
Project("{FAE04EC0-301F-11D3-BF4B-00C04F79EFBC}") = "PGRDecrypt", "PGRDecrypt.csproj", "{01B20849-BE46-4E37-AF81-BF15E2605F53}"
EndProject
Global
	GlobalSection(SolutionConfigurationPlatforms) = preSolution
		Debug|Any CPU = Debug|Any CPU
		Release|Any CPU = Release|Any CPU
	EndGlobalSection
	GlobalSection(ProjectConfigurationPlatforms) = postSolution
		{01B20849-BE46-4E37-AF81-BF15E2605F53}.Debug|Any CPU.ActiveCfg = Debug|Any CPU
		{01B20849-BE46-4E37-AF81-BF15E2605F53}.Debug|Any CPU.Build.0 = Debug|Any CPU
		{01B20849-BE46-4E37-AF81-BF15E2605F53}.Release|Any CPU.ActiveCfg = Release|Any CPU
		{01B20849-BE46-4E37-AF81-BF15E2605F53}.Release|Any CPU.Build.0 = Release|Any CPU
	EndGlobalSection
	GlobalSection(SolutionProperties) = preSolution
		HideSolutionNode = FALSE
	EndGlobalSection
	GlobalSection(ExtensibilityGlobals) = postSolution
		SolutionGuid = {2D1ADEC2-EC85-4FB3-9BFD-CC72A6FD9DB3}
	EndGlobalSection
EndGlobal
